
Microsoft Visual Studio Solution File, Format Version 12.00
# Visual Studio Version 16
VisualStudioVersion = 16.0.30128.74
MinimumVisualStudioVersion = 10.0.40219.1
Project("{FAE04EC0-301F-11D3-BF4B-00C04F79EFBC}") = "Paint", "Paint\Paint.csproj", "{F64F9A88-79F8-4ACC-899A-9F80BD5641AA}"
EndProject
Global
	GlobalSection(SolutionConfigurationPlatforms) = preSolution
		Debug|Any CPU = Debug|Any CPU
		Release|Any CPU = Release|Any CPU
	EndGlobalSection
	GlobalSection(ProjectConfigurationPlatforms) = postSolution
		{F64F9A88-79F8-4ACC-899A-9F80BD5641AA}.Debug|Any CPU.ActiveCfg = Debug|Any CPU
		{F64F9A88-79F8-4ACC-899A-9F80BD5641AA}.Debug|Any CPU.Build.0 = Debug|Any CPU
		{F64F9A88-79F8-4ACC-899A-9F80BD5641AA}.Release|Any CPU.ActiveCfg = Release|Any CPU
		{F64F9A88-79F8-4ACC-899A-9F80BD5641AA}.Release|Any CPU.Build.0 = Release|Any CPU
	EndGlobalSection
	GlobalSection(SolutionProperties) = preSolution
		HideSolutionNode = FALSE
	EndGlobalSection
	GlobalSection(ExtensibilityGlobals) = postSolution
		SolutionGuid = {76501B52-82E4-45FC-8E50-0C2F5402570F}
	EndGlobalSection
EndGlobal
